
Microsoft Visual Studio Solution File, Format Version 12.00
# Visual Studio Version 16
VisualStudioVersion = 16.0.29326.143
MinimumVisualStudioVersion = 10.0.40219.1
Project("{2150E333-8FDC-42A3-9474-1A3956D46DE8}") = "ReusableEntities", "ReusableEntities", "{F02889E4-7FDC-4ABA-BAD0-E205B886E38C}"
EndProject
Project("{2150E333-8FDC-42A3-9474-1A3956D46DE8}") = "UseCases", "UseCases", "{B1D300FB-D89D-42BB-B706-53653DCE47F6}"
EndProject
Project("{2150E333-8FDC-42A3-9474-1A3956D46DE8}") = "System", "System", "{A335B309-405A-48D2-BA3D-65546DCD8BE6}"
EndProject
Project("{9A19103F-16F7-4668-BE54-9A1E7A4F7556}") = "Asc.System", "System\Asc.System\Asc.System.csproj", "{012D8B0F-2752-463A-910B-266D34954E98}"
EndProject
Project("{9A19103F-16F7-4668-BE54-9A1E7A4F7556}") = "Asc.SystemTest", "System\Asc.SystemTest\Asc.SystemTest.csproj", "{63E9AD56-0950-4DF6-928F-CB5DA32D2ADA}"
EndProject
Project("{9A19103F-16F7-4668-BE54-9A1E7A4F7556}") = "WWTP.Unit", "ReusableEntities\WWTP.Unit\WWTP.Unit.csproj", "{FE3F35A1-D6D7-4F4F-8880-0F4644A844E8}"
EndProject
Project("{9A19103F-16F7-4668-BE54-9A1E7A4F7556}") = "WWTP.UnitTest", "ReusableEntities\WWTP.UnitTest\WWTP.UnitTest.csproj", "{78D827C5-4470-4587-BFE7-43E6038B941D}"
EndProject
Project("{9A19103F-16F7-4668-BE54-9A1E7A4F7556}") = "XXXEntity.Unit", "ReusableEntities\XXXEntity.Unit\XXXEntity.Unit.csproj", "{08AAC5B9-39F3-4416-8F69-44F2758777CF}"
EndProject
Project("{9A19103F-16F7-4668-BE54-9A1E7A4F7556}") = "XXXEntity.UnitTest", "ReusableEntities\XXXEntity.UnitTest\XXXEntity.UnitTest.csproj", "{3AE05C3A-3A0E-4C55-A12A-E084846D0619}"
EndProject
Project("{9A19103F-16F7-4668-BE54-9A1E7A4F7556}") = "XXXUseCase.Integration", "UseCases\XXXUseCase.Integration\XXXUseCase.Integration.csproj", "{133EDA6E-F287-4327-A0CF-01D13FA24EA9}"
EndProject
Project("{9A19103F-16F7-4668-BE54-9A1E7A4F7556}") = "XXXUseCase.IntegrationTest", "UseCases\XXXUseCase.IntegrationTest\XXXUseCase.IntegrationTest.csproj", "{4D815B3F-60B8-44CE-91B0-FEE45F6D4096}"
EndProject
Global
	GlobalSection(SolutionConfigurationPlatforms) = preSolution
		Debug|Any CPU = Debug|Any CPU
		Release|Any CPU = Release|Any CPU
	EndGlobalSection
	GlobalSection(ProjectConfigurationPlatforms) = postSolution
		{012D8B0F-2752-463A-910B-266D34954E98}.Debug|Any CPU.ActiveCfg = Debug|Any CPU
		{012D8B0F-2752-463A-910B-266D34954E98}.Debug|Any CPU.Build.0 = Debug|Any CPU
		{012D8B0F-2752-463A-910B-266D34954E98}.Release|Any CPU.ActiveCfg = Release|Any CPU
		{012D8B0F-2752-463A-910B-266D34954E98}.Release|Any CPU.Build.0 = Release|Any CPU
		{63E9AD56-0950-4DF6-928F-CB5DA32D2ADA}.Debug|Any CPU.ActiveCfg = Debug|Any CPU
		{63E9AD56-0950-4DF6-928F-CB5DA32D2ADA}.Debug|Any CPU.Build.0 = Debug|Any CPU
		{63E9AD56-0950-4DF6-928F-CB5DA32D2ADA}.Release|Any CPU.ActiveCfg = Release|Any CPU
		{63E9AD56-0950-4DF6-928F-CB5DA32D2ADA}.Release|Any CPU.Build.0 = Release|Any CPU
		{FE3F35A1-D6D7-4F4F-8880-0F4644A844E8}.Debug|Any CPU.ActiveCfg = Debug|Any CPU
		{FE3F35A1-D6D7-4F4F-8880-0F4644A844E8}.Debug|Any CPU.Build.0 = Debug|Any CPU
		{FE3F35A1-D6D7-4F4F-8880-0F4644A844E8}.Release|Any CPU.ActiveCfg = Release|Any CPU
		{FE3F35A1-D6D7-4F4F-8880-0F4644A844E8}.Release|Any CPU.Build.0 = Release|Any CPU
		{78D827C5-4470-4587-BFE7-43E6038B941D}.Debug|Any CPU.ActiveCfg = Debug|Any CPU
		{78D827C5-4470-4587-BFE7-43E6038B941D}.Debug|Any CPU.Build.0 = Debug|Any CPU
		{78D827C5-4470-4587-BFE7-43E6038B941D}.Release|Any CPU.ActiveCfg = Release|Any CPU
		{78D827C5-4470-4587-BFE7-43E6038B941D}.Release|Any CPU.Build.0 = Release|Any CPU
		{08AAC5B9-39F3-4416-8F69-44F2758777CF}.Debug|Any CPU.ActiveCfg = Debug|Any CPU
		{08AAC5B9-39F3-4416-8F69-44F2758777CF}.Debug|Any CPU.Build.0 = Debug|Any CPU
		{08AAC5B9-39F3-4416-8F69-44F2758777CF}.Release|Any CPU.ActiveCfg = Release|Any CPU
		{08AAC5B9-39F3-4416-8F69-44F2758777CF}.Release|Any CPU.Build.0 = Release|Any CPU
		{3AE05C3A-3A0E-4C55-A12A-E084846D0619}.Debug|Any CPU.ActiveCfg = Debug|Any CPU
		{3AE05C3A-3A0E-4C55-A12A-E084846D0619}.Debug|Any CPU.Build.0 = Debug|Any CPU
		{3AE05C3A-3A0E-4C55-A12A-E084846D0619}.Release|Any CPU.ActiveCfg = Release|Any CPU
		{3AE05C3A-3A0E-4C55-A12A-E084846D0619}.Release|Any CPU.Build.0 = Release|Any CPU
		{133EDA6E-F287-4327-A0CF-01D13FA24EA9}.Debug|Any CPU.ActiveCfg = Debug|Any CPU
		{133EDA6E-F287-4327-A0CF-01D13FA24EA9}.Debug|Any CPU.Build.0 = Debug|Any CPU
		{133EDA6E-F287-4327-A0CF-01D13FA24EA9}.Release|Any CPU.ActiveCfg = Release|Any CPU
		{133EDA6E-F287-4327-A0CF-01D13FA24EA9}.Release|Any CPU.Build.0 = Release|Any CPU
		{4D815B3F-60B8-44CE-91B0-FEE45F6D4096}.Debug|Any CPU.ActiveCfg = Debug|Any CPU
		{4D815B3F-60B8-44CE-91B0-FEE45F6D4096}.Debug|Any CPU.Build.0 = Debug|Any CPU
		{4D815B3F-60B8-44CE-91B0-FEE45F6D4096}.Release|Any CPU.ActiveCfg = Release|Any CPU
		{4D815B3F-60B8-44CE-91B0-FEE45F6D4096}.Release|Any CPU.Build.0 = Release|Any CPU
	EndGlobalSection
	GlobalSection(SolutionProperties) = preSolution
		HideSolutionNode = FALSE
	EndGlobalSection
	GlobalSection(NestedProjects) = preSolution
		{012D8B0F-2752-463A-910B-266D34954E98} = {A335B309-405A-48D2-BA3D-65546DCD8BE6}
		{63E9AD56-0950-4DF6-928F-CB5DA32D2ADA} = {A335B309-405A-48D2-BA3D-65546DCD8BE6}
		{FE3F35A1-D6D7-4F4F-8880-0F4644A844E8} = {F02889E4-7FDC-4ABA-BAD0-E205B886E38C}
		{78D827C5-4470-4587-BFE7-43E6038B941D} = {F02889E4-7FDC-4ABA-BAD0-E205B886E38C}
		{08AAC5B9-39F3-4416-8F69-44F2758777CF} = {F02889E4-7FDC-4ABA-BAD0-E205B886E38C}
		{3AE05C3A-3A0E-4C55-A12A-E084846D0619} = {F02889E4-7FDC-4ABA-BAD0-E205B886E38C}
		{133EDA6E-F287-4327-A0CF-01D13FA24EA9} = {B1D300FB-D89D-42BB-B706-53653DCE47F6}
		{4D815B3F-60B8-44CE-91B0-FEE45F6D4096} = {B1D300FB-D89D-42BB-B706-53653DCE47F6}
	EndGlobalSection
	GlobalSection(ExtensibilityGlobals) = postSolution
		SolutionGuid = {7DDC32BE-46D3-47BC-B185-4FD3A2B71911}
	EndGlobalSection
EndGlobal
