
Microsoft Visual Studio Solution File, Format Version 12.00
# Visual Studio Version 16
VisualStudioVersion = 16.0.29326.143
MinimumVisualStudioVersion = 10.0.40219.1
Project("{2150E333-8FDC-42A3-9474-1A3956D46DE8}") = "Module", "Module", "{F02889E4-7FDC-4ABA-BAD0-E205B886E38C}"
EndProject
Project("{2150E333-8FDC-42A3-9474-1A3956D46DE8}") = "Integration", "Integration", "{B1D300FB-D89D-42BB-B706-53653DCE47F6}"
EndProject
Project("{2150E333-8FDC-42A3-9474-1A3956D46DE8}") = "System", "System", "{A335B309-405A-48D2-BA3D-65546DCD8BE6}"
EndProject
Project("{9A19103F-16F7-4668-BE54-9A1E7A4F7556}") = "Asc.System", "System\Asc.System\Asc.System.csproj", "{012D8B0F-2752-463A-910B-266D34954E98}"
EndProject
Project("{9A19103F-16F7-4668-BE54-9A1E7A4F7556}") = "Asc.SystemTest", "System\Asc.SystemTest\Asc.SystemTest.csproj", "{63E9AD56-0950-4DF6-928F-CB5DA32D2ADA}"
EndProject
Project("{9A19103F-16F7-4668-BE54-9A1E7A4F7556}") = "Asc.Integration", "Integration\Asc.Integration\Asc.Integration.csproj", "{91907461-83A9-43F2-8A73-7CD157E312B0}"
EndProject
Project("{9A19103F-16F7-4668-BE54-9A1E7A4F7556}") = "Asc.IntegrationTest", "Integration\Asc.IntegrationTest\Asc.IntegrationTest.csproj", "{2C9173B5-6FE6-4772-89BD-34446E61F2E6}"
EndProject
Project("{9A19103F-16F7-4668-BE54-9A1E7A4F7556}") = "Asc.CircularCities.ModuleTest", "Module\Asc.CircularCities.ModuleTest\Asc.CircularCities.ModuleTest.csproj", "{70FDAE0E-1BF6-4550-B8B5-865D8C450F2D}"
EndProject
Project("{9A19103F-16F7-4668-BE54-9A1E7A4F7556}") = "Asc.CircularCities.Mudule", "Module\Asc.CircularCities.Mudule\Asc.CircularCities.Mudule.csproj", "{3B4BEEA5-0C08-448E-B00B-4A639E945983}"
EndProject
Project("{9A19103F-16F7-4668-BE54-9A1E7A4F7556}") = "Asc.EconomicMoats.ModuleTest", "Module\Asc.EconomicMoats.ModuleTest\Asc.EconomicMoats.ModuleTest.csproj", "{4A68B9D0-C6B7-4242-ABFD-FD78B0F552A6}"
EndProject
Project("{9A19103F-16F7-4668-BE54-9A1E7A4F7556}") = "Asc.EconomicMoats.Mudule", "Module\Asc.EconomicMoats.Mudule\Asc.EconomicMoats.Mudule.csproj", "{76496EDC-2275-49C0-8234-3AF377946D26}"
EndProject
Global
	GlobalSection(SolutionConfigurationPlatforms) = preSolution
		Debug|Any CPU = Debug|Any CPU
		Release|Any CPU = Release|Any CPU
	EndGlobalSection
	GlobalSection(ProjectConfigurationPlatforms) = postSolution
		{012D8B0F-2752-463A-910B-266D34954E98}.Debug|Any CPU.ActiveCfg = Debug|Any CPU
		{012D8B0F-2752-463A-910B-266D34954E98}.Debug|Any CPU.Build.0 = Debug|Any CPU
		{012D8B0F-2752-463A-910B-266D34954E98}.Release|Any CPU.ActiveCfg = Release|Any CPU
		{012D8B0F-2752-463A-910B-266D34954E98}.Release|Any CPU.Build.0 = Release|Any CPU
		{63E9AD56-0950-4DF6-928F-CB5DA32D2ADA}.Debug|Any CPU.ActiveCfg = Debug|Any CPU
		{63E9AD56-0950-4DF6-928F-CB5DA32D2ADA}.Debug|Any CPU.Build.0 = Debug|Any CPU
		{63E9AD56-0950-4DF6-928F-CB5DA32D2ADA}.Release|Any CPU.ActiveCfg = Release|Any CPU
		{63E9AD56-0950-4DF6-928F-CB5DA32D2ADA}.Release|Any CPU.Build.0 = Release|Any CPU
		{91907461-83A9-43F2-8A73-7CD157E312B0}.Debug|Any CPU.ActiveCfg = Debug|Any CPU
		{91907461-83A9-43F2-8A73-7CD157E312B0}.Debug|Any CPU.Build.0 = Debug|Any CPU
		{91907461-83A9-43F2-8A73-7CD157E312B0}.Release|Any CPU.ActiveCfg = Release|Any CPU
		{91907461-83A9-43F2-8A73-7CD157E312B0}.Release|Any CPU.Build.0 = Release|Any CPU
		{2C9173B5-6FE6-4772-89BD-34446E61F2E6}.Debug|Any CPU.ActiveCfg = Debug|Any CPU
		{2C9173B5-6FE6-4772-89BD-34446E61F2E6}.Debug|Any CPU.Build.0 = Debug|Any CPU
		{2C9173B5-6FE6-4772-89BD-34446E61F2E6}.Release|Any CPU.ActiveCfg = Release|Any CPU
		{2C9173B5-6FE6-4772-89BD-34446E61F2E6}.Release|Any CPU.Build.0 = Release|Any CPU
		{70FDAE0E-1BF6-4550-B8B5-865D8C450F2D}.Debug|Any CPU.ActiveCfg = Debug|Any CPU
		{70FDAE0E-1BF6-4550-B8B5-865D8C450F2D}.Debug|Any CPU.Build.0 = Debug|Any CPU
		{70FDAE0E-1BF6-4550-B8B5-865D8C450F2D}.Release|Any CPU.ActiveCfg = Release|Any CPU
		{70FDAE0E-1BF6-4550-B8B5-865D8C450F2D}.Release|Any CPU.Build.0 = Release|Any CPU
		{3B4BEEA5-0C08-448E-B00B-4A639E945983}.Debug|Any CPU.ActiveCfg = Debug|Any CPU
		{3B4BEEA5-0C08-448E-B00B-4A639E945983}.Debug|Any CPU.Build.0 = Debug|Any CPU
		{3B4BEEA5-0C08-448E-B00B-4A639E945983}.Release|Any CPU.ActiveCfg = Release|Any CPU
		{3B4BEEA5-0C08-448E-B00B-4A639E945983}.Release|Any CPU.Build.0 = Release|Any CPU
		{4A68B9D0-C6B7-4242-ABFD-FD78B0F552A6}.Debug|Any CPU.ActiveCfg = Debug|Any CPU
		{4A68B9D0-C6B7-4242-ABFD-FD78B0F552A6}.Debug|Any CPU.Build.0 = Debug|Any CPU
		{4A68B9D0-C6B7-4242-ABFD-FD78B0F552A6}.Release|Any CPU.ActiveCfg = Release|Any CPU
		{4A68B9D0-C6B7-4242-ABFD-FD78B0F552A6}.Release|Any CPU.Build.0 = Release|Any CPU
		{76496EDC-2275-49C0-8234-3AF377946D26}.Debug|Any CPU.ActiveCfg = Debug|Any CPU
		{76496EDC-2275-49C0-8234-3AF377946D26}.Debug|Any CPU.Build.0 = Debug|Any CPU
		{76496EDC-2275-49C0-8234-3AF377946D26}.Release|Any CPU.ActiveCfg = Release|Any CPU
		{76496EDC-2275-49C0-8234-3AF377946D26}.Release|Any CPU.Build.0 = Release|Any CPU
	EndGlobalSection
	GlobalSection(SolutionProperties) = preSolution
		HideSolutionNode = FALSE
	EndGlobalSection
	GlobalSection(NestedProjects) = preSolution
		{012D8B0F-2752-463A-910B-266D34954E98} = {A335B309-405A-48D2-BA3D-65546DCD8BE6}
		{63E9AD56-0950-4DF6-928F-CB5DA32D2ADA} = {A335B309-405A-48D2-BA3D-65546DCD8BE6}
		{91907461-83A9-43F2-8A73-7CD157E312B0} = {B1D300FB-D89D-42BB-B706-53653DCE47F6}
		{2C9173B5-6FE6-4772-89BD-34446E61F2E6} = {B1D300FB-D89D-42BB-B706-53653DCE47F6}
		{70FDAE0E-1BF6-4550-B8B5-865D8C450F2D} = {F02889E4-7FDC-4ABA-BAD0-E205B886E38C}
		{3B4BEEA5-0C08-448E-B00B-4A639E945983} = {F02889E4-7FDC-4ABA-BAD0-E205B886E38C}
		{4A68B9D0-C6B7-4242-ABFD-FD78B0F552A6} = {F02889E4-7FDC-4ABA-BAD0-E205B886E38C}
		{76496EDC-2275-49C0-8234-3AF377946D26} = {F02889E4-7FDC-4ABA-BAD0-E205B886E38C}
	EndGlobalSection
	GlobalSection(ExtensibilityGlobals) = postSolution
		SolutionGuid = {7DDC32BE-46D3-47BC-B185-4FD3A2B71911}
	EndGlobalSection
EndGlobal
