
Microsoft Visual Studio Solution File, Format Version 12.00
# Visual Studio Version 16
VisualStudioVersion = 16.0.28803.352
MinimumVisualStudioVersion = 10.0.40219.1
Project("{9A19103F-16F7-4668-BE54-9A1E7A4F7556}") = "my-new-app", "my-new-app.csproj", "{637BCB70-6E03-44E9-9D24-0DCF833BBD7A}"
EndProject
Global
	GlobalSection(SolutionConfigurationPlatforms) = preSolution
		Debug|Any CPU = Debug|Any CPU
		Release|Any CPU = Release|Any CPU
	EndGlobalSection
	GlobalSection(ProjectConfigurationPlatforms) = postSolution
		{637BCB70-6E03-44E9-9D24-0DCF833BBD7A}.Debug|Any CPU.ActiveCfg = Debug|Any CPU
		{637BCB70-6E03-44E9-9D24-0DCF833BBD7A}.Debug|Any CPU.Build.0 = Debug|Any CPU
		{637BCB70-6E03-44E9-9D24-0DCF833BBD7A}.Release|Any CPU.ActiveCfg = Release|Any CPU
		{637BCB70-6E03-44E9-9D24-0DCF833BBD7A}.Release|Any CPU.Build.0 = Release|Any CPU
	EndGlobalSection
	GlobalSection(SolutionProperties) = preSolution
		HideSolutionNode = FALSE
	EndGlobalSection
	GlobalSection(ExtensibilityGlobals) = postSolution
		SolutionGuid = {15EE140A-25B6-4E60-B28F-56BED6DC318C}
	EndGlobalSection
EndGlobal
